
Microsoft Visual Studio Solution File, Format Version 12.00
# Visual Studio 2012
Project("{FAE04EC0-301F-11D3-BF4B-00C04F79EFBC}") = "wox", "wox.csproj", "{2A43A786-512A-4852-A523-30AA5772D5E7}"
EndProject
Global
	GlobalSection(SolutionConfigurationPlatforms) = preSolution
		Debug|Any CPU = Debug|Any CPU
		Release|Any CPU = Release|Any CPU
	EndGlobalSection
	GlobalSection(ProjectConfigurationPlatforms) = postSolution
		{2A43A786-512A-4852-A523-30AA5772D5E7}.Debug|Any CPU.ActiveCfg = Debug|Any CPU
		{2A43A786-512A-4852-A523-30AA5772D5E7}.Debug|Any CPU.Build.0 = Debug|Any CPU
		{2A43A786-512A-4852-A523-30AA5772D5E7}.Release|Any CPU.ActiveCfg = Release|Any CPU
		{2A43A786-512A-4852-A523-30AA5772D5E7}.Release|Any CPU.Build.0 = Release|Any CPU
	EndGlobalSection
	GlobalSection(MonoDevelopProperties) = preSolution
		StartupItem = wox.csproj
	EndGlobalSection
EndGlobal
